
Microsoft Visual Studio Solution File, Format Version 12.00
# Visual Studio Version 16
VisualStudioVersion = 16.0.30523.141
MinimumVisualStudioVersion = 10.0.40219.1
Project("{FAE04EC0-301F-11D3-BF4B-00C04F79EFBC}") = "ExamsSystem", "ExamsSystem\ExamsSystem.csproj", "{06D1CE09-90B7-4C65-97EB-F4D41AA372BA}"
EndProject
Global
	GlobalSection(SolutionConfigurationPlatforms) = preSolution
		Debug|Any CPU = Debug|Any CPU
		Release|Any CPU = Release|Any CPU
	EndGlobalSection
	GlobalSection(ProjectConfigurationPlatforms) = postSolution
		{06D1CE09-90B7-4C65-97EB-F4D41AA372BA}.Debug|Any CPU.ActiveCfg = Debug|Any CPU
		{06D1CE09-90B7-4C65-97EB-F4D41AA372BA}.Debug|Any CPU.Build.0 = Debug|Any CPU
		{06D1CE09-90B7-4C65-97EB-F4D41AA372BA}.Release|Any CPU.ActiveCfg = Release|Any CPU
		{06D1CE09-90B7-4C65-97EB-F4D41AA372BA}.Release|Any CPU.Build.0 = Release|Any CPU
	EndGlobalSection
	GlobalSection(SolutionProperties) = preSolution
		HideSolutionNode = FALSE
	EndGlobalSection
	GlobalSection(ExtensibilityGlobals) = postSolution
		SolutionGuid = {F6A247A8-3769-4B2A-B393-29DD42A9D244}
	EndGlobalSection
EndGlobal
